Microsoft Visual Studio Solution File, Format Version 12.00
# Visual Studio Version 17
VisualStudioVersion = 17.5.2.0
MinimumVisualStudioVersion = 10.0.40219.1
Project("{FAE04EC0-301F-11D3-BF4B-00C04F79EFBC}") = "Plugin.WinOSC", "Plugin.WinOSC.csproj", "{8DBA811B-EBD0-4AC7-C7D9-DD3998B1B942}"
EndProject
Global
	GlobalSection(SolutionConfigurationPlatforms) = preSolution
		Debug|Any CPU = Debug|Any CPU
		Release|Any CPU = Release|Any CPU
	EndGlobalSection
	GlobalSection(ProjectConfigurationPlatforms) = postSolution
		{8DBA811B-EBD0-4AC7-C7D9-DD3998B1B942}.Debug|Any CPU.ActiveCfg = Debug|Any CPU
		{8DBA811B-EBD0-4AC7-C7D9-DD3998B1B942}.Debug|Any CPU.Build.0 = Debug|Any CPU
		{8DBA811B-EBD0-4AC7-C7D9-DD3998B1B942}.Release|Any CPU.ActiveCfg = Release|Any CPU
		{8DBA811B-EBD0-4AC7-C7D9-DD3998B1B942}.Release|Any CPU.Build.0 = Release|Any CPU
	EndGlobalSection
	GlobalSection(SolutionProperties) = preSolution
		HideSolutionNode = FALSE
	EndGlobalSection
	GlobalSection(ExtensibilityGlobals) = postSolution
		SolutionGuid = {87201403-01E6-4676-8ECC-A8435F0E1FDE}
	EndGlobalSection
EndGlobal
