
Microsoft Visual Studio Solution File, Format Version 12.00
# Visual Studio Version 17
VisualStudioVersion = 17.4.33205.214
MinimumVisualStudioVersion = 10.0.40219.1
Project("{FAE04EC0-301F-11D3-BF4B-00C04F79EFBC}") = "Quest2-VRC.Auto_Wireless_ADB.Android", "Quest2-VRC.Auto_Wireless_ADB\Quest2-VRC.Auto_Wireless_ADB.Android\Quest2-VRC.Auto_Wireless_ADB.Android.csproj", "{BCA62844-96E4-45A5-A76E-2E9BA599BD89}"
EndProject
Project("{FAE04EC0-301F-11D3-BF4B-00C04F79EFBC}") = "Quest2-VRC.Auto_Wireless_ADB", "Quest2-VRC.Auto_Wireless_ADB\Quest2-VRC.Auto_Wireless_ADB\Quest2-VRC.Auto_Wireless_ADB.csproj", "{46BBEB71-FEE2-472A-AB66-7ACC25FC5D8C}"
EndProject
Global
	GlobalSection(SolutionConfigurationPlatforms) = preSolution
		Debug|Any CPU = Debug|Any CPU
		Release|Any CPU = Release|Any CPU
	EndGlobalSection
	GlobalSection(ProjectConfigurationPlatforms) = postSolution
		{BCA62844-96E4-45A5-A76E-2E9BA599BD89}.Debug|Any CPU.ActiveCfg = Debug|Any CPU
		{BCA62844-96E4-45A5-A76E-2E9BA599BD89}.Debug|Any CPU.Build.0 = Debug|Any CPU
		{BCA62844-96E4-45A5-A76E-2E9BA599BD89}.Debug|Any CPU.Deploy.0 = Debug|Any CPU
		{BCA62844-96E4-45A5-A76E-2E9BA599BD89}.Release|Any CPU.ActiveCfg = Release|Any CPU
		{BCA62844-96E4-45A5-A76E-2E9BA599BD89}.Release|Any CPU.Build.0 = Release|Any CPU
		{BCA62844-96E4-45A5-A76E-2E9BA599BD89}.Release|Any CPU.Deploy.0 = Release|Any CPU
		{46BBEB71-FEE2-472A-AB66-7ACC25FC5D8C}.Debug|Any CPU.ActiveCfg = Debug|Any CPU
		{46BBEB71-FEE2-472A-AB66-7ACC25FC5D8C}.Debug|Any CPU.Build.0 = Debug|Any CPU
		{46BBEB71-FEE2-472A-AB66-7ACC25FC5D8C}.Release|Any CPU.ActiveCfg = Release|Any CPU
		{46BBEB71-FEE2-472A-AB66-7ACC25FC5D8C}.Release|Any CPU.Build.0 = Release|Any CPU
	EndGlobalSection
	GlobalSection(SolutionProperties) = preSolution
		HideSolutionNode = FALSE
	EndGlobalSection
	GlobalSection(ExtensibilityGlobals) = postSolution
		SolutionGuid = {78F188A3-3D87-4BB5-93F1-DEE876F3C41C}
	EndGlobalSection
EndGlobal
