
Microsoft Visual Studio Solution File, Format Version 12.00
# Visual Studio Version 17
VisualStudioVersion = 17.4.33205.214
MinimumVisualStudioVersion = 10.0.40219.1
Project("{FAE04EC0-301F-11D3-BF4B-00C04F79EFBC}") = "Quest2-VRC.Core", "Quest2-VRC\Quest2-VRC.Core.csproj", "{0BFC8128-748B-49AB-A5F6-CE52D656FD1C}"
	ProjectSection(ProjectDependencies) = postProject
		{2C7BB1B0-4AA3-4E3D-8CC6-B735E59DF2A4} = {2C7BB1B0-4AA3-4E3D-8CC6-B735E59DF2A4}
	EndProjectSection
EndProject
Project("{FAE04EC0-301F-11D3-BF4B-00C04F79EFBC}") = "Quest2-VRC.GUI", "Quest2-VRC.GUI\Quest2-VRC.GUI.csproj", "{B8C01B77-7853-408C-8B9E-6740B890571A}"
	ProjectSection(ProjectDependencies) = postProject
		{2C7BB1B0-4AA3-4E3D-8CC6-B735E59DF2A4} = {2C7BB1B0-4AA3-4E3D-8CC6-B735E59DF2A4}
	EndProjectSection
EndProject
Project("{2150E333-8FDC-42A3-9474-1A3956D46DE8}") = "Solution Items", "Solution Items", "{2A72F8F3-D09C-43AD-BEA2-C54D8B2D06C5}"
	ProjectSection(SolutionItems) = preProject
		.editorconfig = .editorconfig
	EndProjectSection
EndProject
Project("{9A19103F-16F7-4668-BE54-9A1E7A4F7556}") = "vrc-oscquery-lib", "vrc-oscquery-lib\vrc-oscquery-lib\vrc-oscquery-lib.csproj", "{2C7BB1B0-4AA3-4E3D-8CC6-B735E59DF2A4}"
EndProject
Global
	GlobalSection(SolutionConfigurationPlatforms) = preSolution
		Debug|Any CPU = Debug|Any CPU
		Release|Any CPU = Release|Any CPU
	EndGlobalSection
	GlobalSection(ProjectConfigurationPlatforms) = postSolution
		{0BFC8128-748B-49AB-A5F6-CE52D656FD1C}.Debug|Any CPU.ActiveCfg = Debug|Any CPU
		{0BFC8128-748B-49AB-A5F6-CE52D656FD1C}.Debug|Any CPU.Build.0 = Debug|Any CPU
		{0BFC8128-748B-49AB-A5F6-CE52D656FD1C}.Release|Any CPU.ActiveCfg = Release|Any CPU
		{0BFC8128-748B-49AB-A5F6-CE52D656FD1C}.Release|Any CPU.Build.0 = Release|Any CPU
		{B8C01B77-7853-408C-8B9E-6740B890571A}.Debug|Any CPU.ActiveCfg = Debug|Any CPU
		{B8C01B77-7853-408C-8B9E-6740B890571A}.Debug|Any CPU.Build.0 = Debug|Any CPU
		{B8C01B77-7853-408C-8B9E-6740B890571A}.Release|Any CPU.ActiveCfg = Release|Any CPU
		{B8C01B77-7853-408C-8B9E-6740B890571A}.Release|Any CPU.Build.0 = Release|Any CPU
		{2C7BB1B0-4AA3-4E3D-8CC6-B735E59DF2A4}.Debug|Any CPU.ActiveCfg = Debug|Any CPU
		{2C7BB1B0-4AA3-4E3D-8CC6-B735E59DF2A4}.Debug|Any CPU.Build.0 = Debug|Any CPU
		{2C7BB1B0-4AA3-4E3D-8CC6-B735E59DF2A4}.Release|Any CPU.ActiveCfg = Release|Any CPU
		{2C7BB1B0-4AA3-4E3D-8CC6-B735E59DF2A4}.Release|Any CPU.Build.0 = Release|Any CPU
	EndGlobalSection
	GlobalSection(SolutionProperties) = preSolution
		HideSolutionNode = FALSE
	EndGlobalSection
	GlobalSection(ExtensibilityGlobals) = postSolution
		SolutionGuid = {78F188A3-3D87-4BB5-93F1-DEE876F3C41C}
	EndGlobalSection
EndGlobal
